
Microsoft Visual Studio Solution File, Format Version 12.00
# Visual Studio Version 17
VisualStudioVersion = 17.3.32929.385
MinimumVisualStudioVersion = 10.0.40219.1
Project("{FAE04EC0-301F-11D3-BF4B-00C04F79EFBC}") = "AdminForm", "AdminForm.csproj", "{FDD86561-1975-40CB-898A-88F67E5C4726}"
EndProject
Global
	GlobalSection(SolutionConfigurationPlatforms) = preSolution
		Debug|Any CPU = Debug|Any CPU
		Release|Any CPU = Release|Any CPU
	EndGlobalSection
	GlobalSection(ProjectConfigurationPlatforms) = postSolution
		{FDD86561-1975-40CB-898A-88F67E5C4726}.Debug|Any CPU.ActiveCfg = Debug|Any CPU
		{FDD86561-1975-40CB-898A-88F67E5C4726}.Debug|Any CPU.Build.0 = Debug|Any CPU
		{FDD86561-1975-40CB-898A-88F67E5C4726}.Release|Any CPU.ActiveCfg = Release|Any CPU
		{FDD86561-1975-40CB-898A-88F67E5C4726}.Release|Any CPU.Build.0 = Release|Any CPU
	EndGlobalSection
	GlobalSection(SolutionProperties) = preSolution
		HideSolutionNode = FALSE
	EndGlobalSection
	GlobalSection(ExtensibilityGlobals) = postSolution
		SolutionGuid = {144F8670-9D67-4C3B-86DB-5DEB627DEA80}
	EndGlobalSection
EndGlobal
